{
  "object": {
    "pins": [
      {
        "package": "Kingfisher",
        "repositoryURL": "https://hub.fastgit.org/onevcat/Kingfisher.git",
        "state": {
          "branch": null,
          "revision": "d06df9adf50ed8cde5786d935836a5f445f780ba",
          "version": "6.3.1"
        }
      },
      {
        "package": "Lottie",
        "repositoryURL": "https://hub.fastgit.org/airbnb/lottie-ios.git",
        "state": {
          "branch": null,
          "revision": "79a0b70547f7c40ea54c67487f935fa2f2eaaadc",
          "version": "3.2.3"
        }
      }
    ]
  },
  "version": 1
}
